
Microsoft Visual Studio Solution File, Format Version 12.00
# Visual Studio Version 17
VisualStudioVersion = 17.14.36518.9
MinimumVisualStudioVersion = 10.0.40219.1
Project("{2150E333-8FDC-42A3-9474-1A3956D46DE8}") = "Task0", "Task0", "{02EA681E-C7D8-13C7-8484-4AC65E1B71E8}"
EndProject
Project("{FAE04EC0-301F-11D3-BF4B-00C04F79EFBC}") = "Tyuiu.ZvyaginaNY.Sprint1.Task0.V16", "Tyuiu.ZvyaginaNY.Sprint1.Task0.V16\Tyuiu.ZvyaginaNY.Sprint1.Task0.V16.csproj", "{CC3FE24B-150E-4155-9082-40692C419A87}"
EndProject
Project("{FAE04EC0-301F-11D3-BF4B-00C04F79EFBC}") = "Tyuiu.ZvyaginaNY.Sprint1.Task0.V16.Lib", "Tyuiu.ZvyaginaNY.Sprint1.Task0.V16.Lib\Tyuiu.ZvyaginaNY.Sprint1.Task0.V16.Lib.csproj", "{EF3FBB70-A9E3-44E0-901B-32F37A3A5516}"
EndProject
Project("{FAE04EC0-301F-11D3-BF4B-00C04F79EFBC}") = "Tyuiu.ZvyaginaNY.Sprint1.Task0.V16.Test", "Tyuiu.ZvyaginaNY.Sprint1.Task0.V16.Test\Tyuiu.ZvyaginaNY.Sprint1.Task0.V16.Test.csproj", "{E7D5F0D6-71A0-4C50-B4D5-CBE9D7E0C312}"
EndProject
Project("{2150E333-8FDC-42A3-9474-1A3956D46DE8}") = "Task1", "Task1", "{908DE724-133D-40E5-8BBE-DAA680D76F45}"
EndProject
Project("{FAE04EC0-301F-11D3-BF4B-00C04F79EFBC}") = "Tyuiu.ZvyaginaNY.Sprint1.Task1.V30", "Tyuiu.ZvyaginaNY.Sprint1.Task1.V30\Tyuiu.ZvyaginaNY.Sprint1.Task1.V30.csproj", "{396B150D-2939-4067-A075-44E40860AF9B}"
EndProject
Project("{FAE04EC0-301F-11D3-BF4B-00C04F79EFBC}") = "Tyuiu.ZvyaginaNY.Sprint1.Task1.V30.Lib", "Tyuiu.ZvyaginaNY.Sprint1.Task1.V30.Lib\Tyuiu.ZvyaginaNY.Sprint1.Task1.V30.Lib.csproj", "{AF76AE21-7E8B-4A0B-B079-1AD4287843F6}"
EndProject
Project("{FAE04EC0-301F-11D3-BF4B-00C04F79EFBC}") = "Tyuiu.ZvyaginaNY.Sprint1.Task1.V30.Test", "Tyuiu.ZvyaginaNY.Sprint1.Task1.V30.Test\Tyuiu.ZvyaginaNY.Sprint1.Task1.V30.Test.csproj", "{B2A42AB6-B1BE-45AF-8198-F94570A18060}"
EndProject
Project("{2150E333-8FDC-42A3-9474-1A3956D46DE8}") = "Task2", "Task2", "{44082188-0CF9-4459-A1F2-D9E183C2FE15}"
EndProject
Project("{FAE04EC0-301F-11D3-BF4B-00C04F79EFBC}") = "Tyuiu.ZvyaginaNY.Sprint1.Tassk2.V19", "Tyuiu.ZvyaginaNY.Sprint1.Tassk2.V19\Tyuiu.ZvyaginaNY.Sprint1.Tassk2.V19.csproj", "{B9044B07-6E27-46F3-8112-FA97E3437211}"
EndProject
Project("{FAE04EC0-301F-11D3-BF4B-00C04F79EFBC}") = "Tyuiu.ZvyaginaNY.Sprint1.Tassk2.V19.Lib", "Tyuiu.ZvyaginaNY.Sprint1.Tassk2.V19.Lib\Tyuiu.ZvyaginaNY.Sprint1.Tassk2.V19.Lib.csproj", "{CEC6D8EA-EEDA-47FC-AE5C-A044C230A272}"
EndProject
Project("{FAE04EC0-301F-11D3-BF4B-00C04F79EFBC}") = "Tyuiu.ZvyaginaNY.Sprint1.Tassk2.V19.Test", "Tyuiu.ZvyaginaNY.Sprint1.Tassk2.V19.Test\Tyuiu.ZvyaginaNY.Sprint1.Tassk2.V19.Test.csproj", "{E1B514F1-2BFB-4094-8537-6C1B19A018BD}"
EndProject
Global
	GlobalSection(SolutionConfigurationPlatforms) = preSolution
		Debug|Any CPU = Debug|Any CPU
		Release|Any CPU = Release|Any CPU
	EndGlobalSection
	GlobalSection(ProjectConfigurationPlatforms) = postSolution
		{CC3FE24B-150E-4155-9082-40692C419A87}.Debug|Any CPU.ActiveCfg = Debug|Any CPU
		{CC3FE24B-150E-4155-9082-40692C419A87}.Debug|Any CPU.Build.0 = Debug|Any CPU
		{CC3FE24B-150E-4155-9082-40692C419A87}.Release|Any CPU.ActiveCfg = Release|Any CPU
		{CC3FE24B-150E-4155-9082-40692C419A87}.Release|Any CPU.Build.0 = Release|Any CPU
		{EF3FBB70-A9E3-44E0-901B-32F37A3A5516}.Debug|Any CPU.ActiveCfg = Debug|Any CPU
		{EF3FBB70-A9E3-44E0-901B-32F37A3A5516}.Debug|Any CPU.Build.0 = Debug|Any CPU
		{EF3FBB70-A9E3-44E0-901B-32F37A3A5516}.Release|Any CPU.ActiveCfg = Release|Any CPU
		{EF3FBB70-A9E3-44E0-901B-32F37A3A5516}.Release|Any CPU.Build.0 = Release|Any CPU
		{E7D5F0D6-71A0-4C50-B4D5-CBE9D7E0C312}.Debug|Any CPU.ActiveCfg = Debug|Any CPU
		{E7D5F0D6-71A0-4C50-B4D5-CBE9D7E0C312}.Debug|Any CPU.Build.0 = Debug|Any CPU
		{E7D5F0D6-71A0-4C50-B4D5-CBE9D7E0C312}.Release|Any CPU.ActiveCfg = Release|Any CPU
		{E7D5F0D6-71A0-4C50-B4D5-CBE9D7E0C312}.Release|Any CPU.Build.0 = Release|Any CPU
		{396B150D-2939-4067-A075-44E40860AF9B}.Debug|Any CPU.ActiveCfg = Debug|Any CPU
		{396B150D-2939-4067-A075-44E40860AF9B}.Debug|Any CPU.Build.0 = Debug|Any CPU
		{396B150D-2939-4067-A075-44E40860AF9B}.Release|Any CPU.ActiveCfg = Release|Any CPU
		{396B150D-2939-4067-A075-44E40860AF9B}.Release|Any CPU.Build.0 = Release|Any CPU
		{AF76AE21-7E8B-4A0B-B079-1AD4287843F6}.Debug|Any CPU.ActiveCfg = Debug|Any CPU
		{AF76AE21-7E8B-4A0B-B079-1AD4287843F6}.Debug|Any CPU.Build.0 = Debug|Any CPU
		{AF76AE21-7E8B-4A0B-B079-1AD4287843F6}.Release|Any CPU.ActiveCfg = Release|Any CPU
		{AF76AE21-7E8B-4A0B-B079-1AD4287843F6}.Release|Any CPU.Build.0 = Release|Any CPU
		{B2A42AB6-B1BE-45AF-8198-F94570A18060}.Debug|Any CPU.ActiveCfg = Debug|Any CPU
		{B2A42AB6-B1BE-45AF-8198-F94570A18060}.Debug|Any CPU.Build.0 = Debug|Any CPU
		{B2A42AB6-B1BE-45AF-8198-F94570A18060}.Release|Any CPU.ActiveCfg = Release|Any CPU
		{B2A42AB6-B1BE-45AF-8198-F94570A18060}.Release|Any CPU.Build.0 = Release|Any CPU
		{B9044B07-6E27-46F3-8112-FA97E3437211}.Debug|Any CPU.ActiveCfg = Debug|Any CPU
		{B9044B07-6E27-46F3-8112-FA97E3437211}.Debug|Any CPU.Build.0 = Debug|Any CPU
		{B9044B07-6E27-46F3-8112-FA97E3437211}.Release|Any CPU.ActiveCfg = Release|Any CPU
		{B9044B07-6E27-46F3-8112-FA97E3437211}.Release|Any CPU.Build.0 = Release|Any CPU
		{CEC6D8EA-EEDA-47FC-AE5C-A044C230A272}.Debug|Any CPU.ActiveCfg = Debug|Any CPU
		{CEC6D8EA-EEDA-47FC-AE5C-A044C230A272}.Debug|Any CPU.Build.0 = Debug|Any CPU
		{CEC6D8EA-EEDA-47FC-AE5C-A044C230A272}.Release|Any CPU.ActiveCfg = Release|Any CPU
		{CEC6D8EA-EEDA-47FC-AE5C-A044C230A272}.Release|Any CPU.Build.0 = Release|Any CPU
		{E1B514F1-2BFB-4094-8537-6C1B19A018BD}.Debug|Any CPU.ActiveCfg = Debug|Any CPU
		{E1B514F1-2BFB-4094-8537-6C1B19A018BD}.Debug|Any CPU.Build.0 = Debug|Any CPU
		{E1B514F1-2BFB-4094-8537-6C1B19A018BD}.Release|Any CPU.ActiveCfg = Release|Any CPU
		{E1B514F1-2BFB-4094-8537-6C1B19A018BD}.Release|Any CPU.Build.0 = Release|Any CPU
	EndGlobalSection
	GlobalSection(SolutionProperties) = preSolution
		HideSolutionNode = FALSE
	EndGlobalSection
	GlobalSection(NestedProjects) = preSolution
		{CC3FE24B-150E-4155-9082-40692C419A87} = {02EA681E-C7D8-13C7-8484-4AC65E1B71E8}
		{EF3FBB70-A9E3-44E0-901B-32F37A3A5516} = {02EA681E-C7D8-13C7-8484-4AC65E1B71E8}
		{E7D5F0D6-71A0-4C50-B4D5-CBE9D7E0C312} = {02EA681E-C7D8-13C7-8484-4AC65E1B71E8}
		{396B150D-2939-4067-A075-44E40860AF9B} = {908DE724-133D-40E5-8BBE-DAA680D76F45}
		{AF76AE21-7E8B-4A0B-B079-1AD4287843F6} = {908DE724-133D-40E5-8BBE-DAA680D76F45}
		{B2A42AB6-B1BE-45AF-8198-F94570A18060} = {908DE724-133D-40E5-8BBE-DAA680D76F45}
		{B9044B07-6E27-46F3-8112-FA97E3437211} = {44082188-0CF9-4459-A1F2-D9E183C2FE15}
		{CEC6D8EA-EEDA-47FC-AE5C-A044C230A272} = {44082188-0CF9-4459-A1F2-D9E183C2FE15}
		{E1B514F1-2BFB-4094-8537-6C1B19A018BD} = {44082188-0CF9-4459-A1F2-D9E183C2FE15}
	EndGlobalSection
	GlobalSection(ExtensibilityGlobals) = postSolution
		SolutionGuid = {84789F77-EEF4-41DD-BD22-E22AFD5D23EA}
	EndGlobalSection
EndGlobal
